
Microsoft Visual Studio Solution File, Format Version 12.00
# Visual Studio 15
VisualStudioVersion = 15.0.28307.539
MinimumVisualStudioVersion = 10.0.40219.1
Project("{FAE04EC0-301F-11D3-BF4B-00C04F79EFBC}") = "WPFDataOsoby", "WPFDataOsoby\WPFDataOsoby.csproj", "{625228F6-DB81-42F8-8920-71B3CF324818}"
EndProject
Global
	GlobalSection(SolutionConfigurationPlatforms) = preSolution
		Debug|Any CPU = Debug|Any CPU
		Release|Any CPU = Release|Any CPU
	EndGlobalSection
	GlobalSection(ProjectConfigurationPlatforms) = postSolution
		{625228F6-DB81-42F8-8920-71B3CF324818}.Debug|Any CPU.ActiveCfg = Debug|Any CPU
		{625228F6-DB81-42F8-8920-71B3CF324818}.Debug|Any CPU.Build.0 = Debug|Any CPU
		{625228F6-DB81-42F8-8920-71B3CF324818}.Release|Any CPU.ActiveCfg = Release|Any CPU
		{625228F6-DB81-42F8-8920-71B3CF324818}.Release|Any CPU.Build.0 = Release|Any CPU
	EndGlobalSection
	GlobalSection(SolutionProperties) = preSolution
		HideSolutionNode = FALSE
	EndGlobalSection
	GlobalSection(ExtensibilityGlobals) = postSolution
		SolutionGuid = {3078491D-3B47-4BCC-97C3-8E15947DE508}
	EndGlobalSection
EndGlobal
